
Microsoft Visual Studio Solution File, Format Version 12.00
# Visual Studio 15
VisualStudioVersion = 15.0.26124.0
MinimumVisualStudioVersion = 15.0.26124.0
Project("{2150E333-8FDC-42A3-9474-1A3956D46DE8}") = "Api", "Api", "{94A1103E-11D2-4921-B6FB-42E74C34C3FC}"
EndProject
Project("{2150E333-8FDC-42A3-9474-1A3956D46DE8}") = "Engine", "Engine", "{0A762AAB-8418-4931-A1A2-B7EECA225C82}"
EndProject
Project("{9A19103F-16F7-4668-BE54-9A1E7A4F7556}") = "Deeproxio.OperationApi", "OperationApi\Deeproxio.OperationApi.csproj", "{76C2D17D-107D-4B24-B23B-2300673B3F25}"
EndProject
Project("{9A19103F-16F7-4668-BE54-9A1E7A4F7556}") = "Deeproxio.Infrastructure", "Engine\Infrastructure\Deeproxio.Infrastructure.csproj", "{170D212B-D39A-45EB-92B2-E7B42532F120}"
EndProject
Project("{9A19103F-16F7-4668-BE54-9A1E7A4F7556}") = "Deeproxio.Domain", "Engine\Domain\Deeproxio.Domain.csproj", "{73AFE41D-3C02-4D63-8716-5358BD242C35}"
EndProject
Project("{9A19103F-16F7-4668-BE54-9A1E7A4F7556}") = "Deeproxio.Persistence", "Engine\Persistence\Deeproxio.Persistence.csproj", "{FA503763-E046-4D1B-A507-43DE0381BE75}"
EndProject
Project("{9A19103F-16F7-4668-BE54-9A1E7A4F7556}") = "Deeproxio.SettingsApiClient", "Engine\ApiClients\SettingsApiClient\Deeproxio.SettingsApiClient.csproj", "{B3AD218E-B389-4E30-9AC3-CBFDB9F662BA}"
EndProject
Project("{9A19103F-16F7-4668-BE54-9A1E7A4F7556}") = "Deeproxio.FileManagementApiClient", "Engine\ApiClients\FileManagementApiClient\Deeproxio.FileManagementApiClient.csproj", "{82B9BC5C-2983-4269-8FC6-D76E92756B69}"
EndProject
Project("{9A19103F-16F7-4668-BE54-9A1E7A4F7556}") = "Deeproxio.Commands", "Engine\Commands\Deeproxio.Commands.csproj", "{0A7F0EDE-888E-4DA1-B793-863F5565ED4E}"
EndProject
Project("{9A19103F-16F7-4668-BE54-9A1E7A4F7556}") = "Deeproxio.Queries", "Engine\Queries\Deeproxio.Queries.csproj", "{0F57BA72-18C0-4422-AAB1-BFC11B290D6E}"
EndProject
Global
	GlobalSection(SolutionConfigurationPlatforms) = preSolution
		Debug|Any CPU = Debug|Any CPU
		Debug|x64 = Debug|x64
		Debug|x86 = Debug|x86
		Release|Any CPU = Release|Any CPU
		Release|x64 = Release|x64
		Release|x86 = Release|x86
	EndGlobalSection
	GlobalSection(ProjectConfigurationPlatforms) = postSolution
		{76C2D17D-107D-4B24-B23B-2300673B3F25}.Debug|Any CPU.ActiveCfg = Debug|Any CPU
		{76C2D17D-107D-4B24-B23B-2300673B3F25}.Debug|Any CPU.Build.0 = Debug|Any CPU
		{76C2D17D-107D-4B24-B23B-2300673B3F25}.Debug|x64.ActiveCfg = Debug|Any CPU
		{76C2D17D-107D-4B24-B23B-2300673B3F25}.Debug|x64.Build.0 = Debug|Any CPU
		{76C2D17D-107D-4B24-B23B-2300673B3F25}.Debug|x86.ActiveCfg = Debug|Any CPU
		{76C2D17D-107D-4B24-B23B-2300673B3F25}.Debug|x86.Build.0 = Debug|Any CPU
		{76C2D17D-107D-4B24-B23B-2300673B3F25}.Release|Any CPU.ActiveCfg = Release|Any CPU
		{76C2D17D-107D-4B24-B23B-2300673B3F25}.Release|Any CPU.Build.0 = Release|Any CPU
		{76C2D17D-107D-4B24-B23B-2300673B3F25}.Release|x64.ActiveCfg = Release|Any CPU
		{76C2D17D-107D-4B24-B23B-2300673B3F25}.Release|x64.Build.0 = Release|Any CPU
		{76C2D17D-107D-4B24-B23B-2300673B3F25}.Release|x86.ActiveCfg = Release|Any CPU
		{76C2D17D-107D-4B24-B23B-2300673B3F25}.Release|x86.Build.0 = Release|Any CPU
		{170D212B-D39A-45EB-92B2-E7B42532F120}.Debug|Any CPU.ActiveCfg = Debug|Any CPU
		{170D212B-D39A-45EB-92B2-E7B42532F120}.Debug|Any CPU.Build.0 = Debug|Any CPU
		{170D212B-D39A-45EB-92B2-E7B42532F120}.Debug|x64.ActiveCfg = Debug|Any CPU
		{170D212B-D39A-45EB-92B2-E7B42532F120}.Debug|x64.Build.0 = Debug|Any CPU
		{170D212B-D39A-45EB-92B2-E7B42532F120}.Debug|x86.ActiveCfg = Debug|Any CPU
		{170D212B-D39A-45EB-92B2-E7B42532F120}.Debug|x86.Build.0 = Debug|Any CPU
		{170D212B-D39A-45EB-92B2-E7B42532F120}.Release|Any CPU.ActiveCfg = Release|Any CPU
		{170D212B-D39A-45EB-92B2-E7B42532F120}.Release|Any CPU.Build.0 = Release|Any CPU
		{170D212B-D39A-45EB-92B2-E7B42532F120}.Release|x64.ActiveCfg = Release|Any CPU
		{170D212B-D39A-45EB-92B2-E7B42532F120}.Release|x64.Build.0 = Release|Any CPU
		{170D212B-D39A-45EB-92B2-E7B42532F120}.Release|x86.ActiveCfg = Release|Any CPU
		{170D212B-D39A-45EB-92B2-E7B42532F120}.Release|x86.Build.0 = Release|Any CPU
		{73AFE41D-3C02-4D63-8716-5358BD242C35}.Debug|Any CPU.ActiveCfg = Debug|Any CPU
		{73AFE41D-3C02-4D63-8716-5358BD242C35}.Debug|Any CPU.Build.0 = Debug|Any CPU
		{73AFE41D-3C02-4D63-8716-5358BD242C35}.Debug|x64.ActiveCfg = Debug|Any CPU
		{73AFE41D-3C02-4D63-8716-5358BD242C35}.Debug|x64.Build.0 = Debug|Any CPU
		{73AFE41D-3C02-4D63-8716-5358BD242C35}.Debug|x86.ActiveCfg = Debug|Any CPU
		{73AFE41D-3C02-4D63-8716-5358BD242C35}.Debug|x86.Build.0 = Debug|Any CPU
		{73AFE41D-3C02-4D63-8716-5358BD242C35}.Release|Any CPU.ActiveCfg = Release|Any CPU
		{73AFE41D-3C02-4D63-8716-5358BD242C35}.Release|Any CPU.Build.0 = Release|Any CPU
		{73AFE41D-3C02-4D63-8716-5358BD242C35}.Release|x64.ActiveCfg = Release|Any CPU
		{73AFE41D-3C02-4D63-8716-5358BD242C35}.Release|x64.Build.0 = Release|Any CPU
		{73AFE41D-3C02-4D63-8716-5358BD242C35}.Release|x86.ActiveCfg = Release|Any CPU
		{73AFE41D-3C02-4D63-8716-5358BD242C35}.Release|x86.Build.0 = Release|Any CPU
		{FA503763-E046-4D1B-A507-43DE0381BE75}.Debug|Any CPU.ActiveCfg = Debug|Any CPU
		{FA503763-E046-4D1B-A507-43DE0381BE75}.Debug|Any CPU.Build.0 = Debug|Any CPU
		{FA503763-E046-4D1B-A507-43DE0381BE75}.Debug|x64.ActiveCfg = Debug|Any CPU
		{FA503763-E046-4D1B-A507-43DE0381BE75}.Debug|x64.Build.0 = Debug|Any CPU
		{FA503763-E046-4D1B-A507-43DE0381BE75}.Debug|x86.ActiveCfg = Debug|Any CPU
		{FA503763-E046-4D1B-A507-43DE0381BE75}.Debug|x86.Build.0 = Debug|Any CPU
		{FA503763-E046-4D1B-A507-43DE0381BE75}.Release|Any CPU.ActiveCfg = Release|Any CPU
		{FA503763-E046-4D1B-A507-43DE0381BE75}.Release|Any CPU.Build.0 = Release|Any CPU
		{FA503763-E046-4D1B-A507-43DE0381BE75}.Release|x64.ActiveCfg = Release|Any CPU
		{FA503763-E046-4D1B-A507-43DE0381BE75}.Release|x64.Build.0 = Release|Any CPU
		{FA503763-E046-4D1B-A507-43DE0381BE75}.Release|x86.ActiveCfg = Release|Any CPU
		{FA503763-E046-4D1B-A507-43DE0381BE75}.Release|x86.Build.0 = Release|Any CPU
		{B3AD218E-B389-4E30-9AC3-CBFDB9F662BA}.Debug|Any CPU.ActiveCfg = Debug|Any CPU
		{B3AD218E-B389-4E30-9AC3-CBFDB9F662BA}.Debug|Any CPU.Build.0 = Debug|Any CPU
		{B3AD218E-B389-4E30-9AC3-CBFDB9F662BA}.Debug|x64.ActiveCfg = Debug|Any CPU
		{B3AD218E-B389-4E30-9AC3-CBFDB9F662BA}.Debug|x64.Build.0 = Debug|Any CPU
		{B3AD218E-B389-4E30-9AC3-CBFDB9F662BA}.Debug|x86.ActiveCfg = Debug|Any CPU
		{B3AD218E-B389-4E30-9AC3-CBFDB9F662BA}.Debug|x86.Build.0 = Debug|Any CPU
		{B3AD218E-B389-4E30-9AC3-CBFDB9F662BA}.Release|Any CPU.ActiveCfg = Release|Any CPU
		{B3AD218E-B389-4E30-9AC3-CBFDB9F662BA}.Release|Any CPU.Build.0 = Release|Any CPU
		{B3AD218E-B389-4E30-9AC3-CBFDB9F662BA}.Release|x64.ActiveCfg = Release|Any CPU
		{B3AD218E-B389-4E30-9AC3-CBFDB9F662BA}.Release|x64.Build.0 = Release|Any CPU
		{B3AD218E-B389-4E30-9AC3-CBFDB9F662BA}.Release|x86.ActiveCfg = Release|Any CPU
		{B3AD218E-B389-4E30-9AC3-CBFDB9F662BA}.Release|x86.Build.0 = Release|Any CPU
		{82B9BC5C-2983-4269-8FC6-D76E92756B69}.Debug|Any CPU.ActiveCfg = Debug|Any CPU
		{82B9BC5C-2983-4269-8FC6-D76E92756B69}.Debug|Any CPU.Build.0 = Debug|Any CPU
		{82B9BC5C-2983-4269-8FC6-D76E92756B69}.Debug|x64.ActiveCfg = Debug|Any CPU
		{82B9BC5C-2983-4269-8FC6-D76E92756B69}.Debug|x64.Build.0 = Debug|Any CPU
		{82B9BC5C-2983-4269-8FC6-D76E92756B69}.Debug|x86.ActiveCfg = Debug|Any CPU
		{82B9BC5C-2983-4269-8FC6-D76E92756B69}.Debug|x86.Build.0 = Debug|Any CPU
		{82B9BC5C-2983-4269-8FC6-D76E92756B69}.Release|Any CPU.ActiveCfg = Release|Any CPU
		{82B9BC5C-2983-4269-8FC6-D76E92756B69}.Release|Any CPU.Build.0 = Release|Any CPU
		{82B9BC5C-2983-4269-8FC6-D76E92756B69}.Release|x64.ActiveCfg = Release|Any CPU
		{82B9BC5C-2983-4269-8FC6-D76E92756B69}.Release|x64.Build.0 = Release|Any CPU
		{82B9BC5C-2983-4269-8FC6-D76E92756B69}.Release|x86.ActiveCfg = Release|Any CPU
		{82B9BC5C-2983-4269-8FC6-D76E92756B69}.Release|x86.Build.0 = Release|Any CPU
		{0A7F0EDE-888E-4DA1-B793-863F5565ED4E}.Debug|Any CPU.ActiveCfg = Debug|Any CPU
		{0A7F0EDE-888E-4DA1-B793-863F5565ED4E}.Debug|Any CPU.Build.0 = Debug|Any CPU
		{0A7F0EDE-888E-4DA1-B793-863F5565ED4E}.Debug|x64.ActiveCfg = Debug|Any CPU
		{0A7F0EDE-888E-4DA1-B793-863F5565ED4E}.Debug|x64.Build.0 = Debug|Any CPU
		{0A7F0EDE-888E-4DA1-B793-863F5565ED4E}.Debug|x86.ActiveCfg = Debug|Any CPU
		{0A7F0EDE-888E-4DA1-B793-863F5565ED4E}.Debug|x86.Build.0 = Debug|Any CPU
		{0A7F0EDE-888E-4DA1-B793-863F5565ED4E}.Release|Any CPU.ActiveCfg = Release|Any CPU
		{0A7F0EDE-888E-4DA1-B793-863F5565ED4E}.Release|Any CPU.Build.0 = Release|Any CPU
		{0A7F0EDE-888E-4DA1-B793-863F5565ED4E}.Release|x64.ActiveCfg = Release|Any CPU
		{0A7F0EDE-888E-4DA1-B793-863F5565ED4E}.Release|x64.Build.0 = Release|Any CPU
		{0A7F0EDE-888E-4DA1-B793-863F5565ED4E}.Release|x86.ActiveCfg = Release|Any CPU
		{0A7F0EDE-888E-4DA1-B793-863F5565ED4E}.Release|x86.Build.0 = Release|Any CPU
		{0F57BA72-18C0-4422-AAB1-BFC11B290D6E}.Debug|Any CPU.ActiveCfg = Debug|Any CPU
		{0F57BA72-18C0-4422-AAB1-BFC11B290D6E}.Debug|Any CPU.Build.0 = Debug|Any CPU
		{0F57BA72-18C0-4422-AAB1-BFC11B290D6E}.Debug|x64.ActiveCfg = Debug|Any CPU
		{0F57BA72-18C0-4422-AAB1-BFC11B290D6E}.Debug|x64.Build.0 = Debug|Any CPU
		{0F57BA72-18C0-4422-AAB1-BFC11B290D6E}.Debug|x86.ActiveCfg = Debug|Any CPU
		{0F57BA72-18C0-4422-AAB1-BFC11B290D6E}.Debug|x86.Build.0 = Debug|Any CPU
		{0F57BA72-18C0-4422-AAB1-BFC11B290D6E}.Release|Any CPU.ActiveCfg = Release|Any CPU
		{0F57BA72-18C0-4422-AAB1-BFC11B290D6E}.Release|Any CPU.Build.0 = Release|Any CPU
		{0F57BA72-18C0-4422-AAB1-BFC11B290D6E}.Release|x64.ActiveCfg = Release|Any CPU
		{0F57BA72-18C0-4422-AAB1-BFC11B290D6E}.Release|x64.Build.0 = Release|Any CPU
		{0F57BA72-18C0-4422-AAB1-BFC11B290D6E}.Release|x86.ActiveCfg = Release|Any CPU
		{0F57BA72-18C0-4422-AAB1-BFC11B290D6E}.Release|x86.Build.0 = Release|Any CPU
	EndGlobalSection
	GlobalSection(SolutionProperties) = preSolution
		HideSolutionNode = FALSE
	EndGlobalSection
	GlobalSection(NestedProjects) = preSolution
		{170D212B-D39A-45EB-92B2-E7B42532F120} = {0A762AAB-8418-4931-A1A2-B7EECA225C82}
		{73AFE41D-3C02-4D63-8716-5358BD242C35} = {0A762AAB-8418-4931-A1A2-B7EECA225C82}
		{FA503763-E046-4D1B-A507-43DE0381BE75} = {0A762AAB-8418-4931-A1A2-B7EECA225C82}
		{B3AD218E-B389-4E30-9AC3-CBFDB9F662BA} = {94A1103E-11D2-4921-B6FB-42E74C34C3FC}
		{82B9BC5C-2983-4269-8FC6-D76E92756B69} = {94A1103E-11D2-4921-B6FB-42E74C34C3FC}
		{0A7F0EDE-888E-4DA1-B793-863F5565ED4E} = {0A762AAB-8418-4931-A1A2-B7EECA225C82}
		{0F57BA72-18C0-4422-AAB1-BFC11B290D6E} = {0A762AAB-8418-4931-A1A2-B7EECA225C82}
	EndGlobalSection
	GlobalSection(ExtensibilityGlobals) = postSolution
		SolutionGuid = {586836EC-A4CE-4540-9FB0-648B1DD2402B}
	EndGlobalSection
EndGlobal
